
Microsoft Visual Studio Solution File, Format Version 12.00
# Visual Studio Version 16
VisualStudioVersion = 16.0.29025.244
MinimumVisualStudioVersion = 10.0.40219.1
Project("{FAE04EC0-301F-11D3-BF4B-00C04F79EFBC}") = "TicTacToe", "TicTacToe\TicTacToe.csproj", "{272731B9-5772-484F-9D80-E68686E12707}"
EndProject
Global
	GlobalSection(SolutionConfigurationPlatforms) = preSolution
		Debug|Any CPU = Debug|Any CPU
		Release|Any CPU = Release|Any CPU
	EndGlobalSection
	GlobalSection(ProjectConfigurationPlatforms) = postSolution
		{272731B9-5772-484F-9D80-E68686E12707}.Debug|Any CPU.ActiveCfg = Debug|Any CPU
		{272731B9-5772-484F-9D80-E68686E12707}.Debug|Any CPU.Build.0 = Debug|Any CPU
		{272731B9-5772-484F-9D80-E68686E12707}.Release|Any CPU.ActiveCfg = Release|Any CPU
		{272731B9-5772-484F-9D80-E68686E12707}.Release|Any CPU.Build.0 = Release|Any CPU
	EndGlobalSection
	GlobalSection(SolutionProperties) = preSolution
		HideSolutionNode = FALSE
	EndGlobalSection
	GlobalSection(ExtensibilityGlobals) = postSolution
		SolutionGuid = {291C24A7-5B14-42EA-A395-3D6E88252ED8}
	EndGlobalSection
EndGlobal
